// !$*UTF8*$!
{
	archiveVersion = 1;
	classes = {
	};
	objectVersion = 56;
	objects = {

/* Begin PBXBuildFile section */
		D1093C302B6A7D99008553A3 /* ShareListView.swift in Sources */ = {isa = PBXBuildFile; fileRef = D1093C2F2B6A7D99008553A3 /* ShareListView.swift */; };
		D1093C322B6A819A008553A3 /* ShareSingleView.swift in Sources */ = {isa = PBXBuildFile; fileRef = D1093C312B6A819A008553A3 /* ShareSingleView.swift */; };
		D13FFDCB2B90CA9A007E1970 /* SheetView.swift in Sources */ = {isa = PBXBuildFile; fileRef = D13FFDCA2B90CA9A007E1970 /* SheetView.swift */; };
		D13FFDCD2B90CAD0007E1970 /* ResultCardView.swift in Sources */ = {isa = PBXBuildFile; fileRef = D13FFDCC2B90CAD0007E1970 /* ResultCardView.swift */; };
		D13FFDD52BAB36FA007E1970 /* LogInView.swift in Sources */ = {isa = PBXBuildFile; fileRef = D13FFDD42BAB36FA007E1970 /* LogInView.swift */; };
		D13FFDD82BAB379A007E1970 /* UserLoginModel.swift in Sources */ = {isa = PBXBuildFile; fileRef = D13FFDD72BAB379A007E1970 /* UserLoginModel.swift */; };
		D13FFDDA2BAB3808007E1970 /* NetworkService.swift in Sources */ = {isa = PBXBuildFile; fileRef = D13FFDD92BAB3808007E1970 /* NetworkService.swift */; };
		D13FFDDC2BAB383A007E1970 /* OTORequests.swift in Sources */ = {isa = PBXBuildFile; fileRef = D13FFDDB2BAB383A007E1970 /* OTORequests.swift */; };
		D13FFDDE2BAB3897007E1970 /* OTOTypes.swift in Sources */ = {isa = PBXBuildFile; fileRef = D13FFDDD2BAB3897007E1970 /* OTOTypes.swift */; };
		D13FFDE02BAB38D4007E1970 /* MessageInputViewModel.swift in Sources */ = {isa = PBXBuildFile; fileRef = D13FFDDF2BAB38D4007E1970 /* MessageInputViewModel.swift */; };
		D13FFDE22BAF1E80007E1970 /* ButtonStyles.swift in Sources */ = {isa = PBXBuildFile; fileRef = D13FFDE12BAF1E80007E1970 /* ButtonStyles.swift */; };
		D13FFDE52BAF1F1C007E1970 /* AutoNotificationBanner.swift in Sources */ = {isa = PBXBuildFile; fileRef = D13FFDE32BAF1F1C007E1970 /* AutoNotificationBanner.swift */; };
		D13FFDEC2BAF1F26007E1970 /* PhoneNumberTextField.swift in Sources */ = {isa = PBXBuildFile; fileRef = D13FFDE72BAF1F26007E1970 /* PhoneNumberTextField.swift */; };
		D13FFDED2BAF1F26007E1970 /* RoundedRectangleTextField.swift in Sources */ = {isa = PBXBuildFile; fileRef = D13FFDE82BAF1F26007E1970 /* RoundedRectangleTextField.swift */; };
		D13FFDEE2BAF1F26007E1970 /* CapsuleTextField.swift in Sources */ = {isa = PBXBuildFile; fileRef = D13FFDE92BAF1F26007E1970 /* CapsuleTextField.swift */; };
		D13FFDEF2BAF1F26007E1970 /* NicknameTextField.swift in Sources */ = {isa = PBXBuildFile; fileRef = D13FFDEA2BAF1F26007E1970 /* NicknameTextField.swift */; };
		D13FFDF02BAF1F26007E1970 /* OTPTextField.swift in Sources */ = {isa = PBXBuildFile; fileRef = D13FFDEB2BAF1F26007E1970 /* OTPTextField.swift */; };
		D13FFDF42BAF1F5D007E1970 /* AlertStyles.swift in Sources */ = {isa = PBXBuildFile; fileRef = D13FFDF32BAF1F5D007E1970 /* AlertStyles.swift */; };
		D17042C02B542346005683D2 /* SearchView.swift in Sources */ = {isa = PBXBuildFile; fileRef = D17042BF2B542346005683D2 /* SearchView.swift */; };
		D19912022B5292A6002A711A /* MyView.swift in Sources */ = {isa = PBXBuildFile; fileRef = D19912012B5292A6002A711A /* MyView.swift */; };
		D19912052B529346002A711A /* Constants.swift in Sources */ = {isa = PBXBuildFile; fileRef = D19912042B529346002A711A /* Constants.swift */; };
		D19912072B52972B002A711A /* TagView.swift in Sources */ = {isa = PBXBuildFile; fileRef = D19912062B52972B002A711A /* TagView.swift */; };
		D19F20A32BC2DA1A00721144 /* MessageView.swift in Sources */ = {isa = PBXBuildFile; fileRef = D19F20A22BC2DA1A00721144 /* MessageView.swift */; };
		D19F20A52BC2DE2F00721144 /* NameView.swift in Sources */ = {isa = PBXBuildFile; fileRef = D19F20A42BC2DE2F00721144 /* NameView.swift */; };
		D1CE06192B526930001303F2 /* guanzhiApp.swift in Sources */ = {isa = PBXBuildFile; fileRef = D1CE06182B526930001303F2 /* guanzhiApp.swift */; };
		D1CE061D2B526931001303F2 /* Assets.xcassets in Resources */ = {isa = PBXBuildFile; fileRef = D1CE061C2B526931001303F2 /* Assets.xcassets */; };
		D1CE06202B526931001303F2 /* Preview Assets.xcassets in Resources */ = {isa = PBXBuildFile; fileRef = D1CE061F2B526931001303F2 /* Preview Assets.xcassets */; };
		D1F67AB32B8A193A00292FEB /* SettingView.swift in Sources */ = {isa = PBXBuildFile; fileRef = D1F67AB22B8A193A00292FEB /* SettingView.swift */; };
		D5A9026381BEF0E8029D2F21 /* Pods_guanzhi.framework in Frameworks */ = {isa = PBXBuildFile; fileRef = 6DB642E9392618C911A51E04 /* Pods_guanzhi.framework */; };
		FF0025902D3754F10056C5C6 /* UserTimelineViewModel.swift in Sources */ = {isa = PBXBuildFile; fileRef = FF00258F2D3754F10056C5C6 /* UserTimelineViewModel.swift */; };
		FF05E4462B84CC1300F5D375 /* (null) in Sources */ = {isa = PBXBuildFile; };
		FF1A50232CA0F5DB00596DBD /* LocationService.swift in Sources */ = {isa = PBXBuildFile; fileRef = FF1A50222CA0F5D500596DBD /* LocationService.swift */; };
		FF2D288F2B6A79A100143D0A /* TextfieldStyles.swift in Sources */ = {isa = PBXBuildFile; fileRef = FF2D288E2B6A79A100143D0A /* TextfieldStyles.swift */; };
		FF3984C92CA5574700EF378D /* ShareDetailsCardView.swift in Sources */ = {isa = PBXBuildFile; fileRef = FF3984C82CA5574700EF378D /* ShareDetailsCardView.swift */; };
		FF3CD0CB2C78705C00AF7086 /* PreviewCameraModel.swift in Sources */ = {isa = PBXBuildFile; fileRef = FF3CD0CA2C78705C00AF7086 /* PreviewCameraModel.swift */; };
		FF4224622CE5C2AF00734C39 /* CoordinateConverter.swift in Sources */ = {isa = PBXBuildFile; fileRef = FF4224612CE5C2AF00734C39 /* CoordinateConverter.swift */; };
		FF4224642CE5C2E700734C39 /* GCJ02.json in Resources */ = {isa = PBXBuildFile; fileRef = FF4224632CE5C2E700734C39 /* GCJ02.json */; };
		FF4224662CEBAB8000734C39 /* MediaItemView.swift in Sources */ = {isa = PBXBuildFile; fileRef = FF4224652CEBAB8000734C39 /* MediaItemView.swift */; };
		FF47FFE12C47C4F000A4A8F8 /* HelpCardView.swift in Sources */ = {isa = PBXBuildFile; fileRef = FF47FFE02C47C4F000A4A8F8 /* HelpCardView.swift */; };
		FF4ED5BB2DAA6D0C0017131B /* UserAgreement.txt in Resources */ = {isa = PBXBuildFile; fileRef = FF4ED5BA2DAA6D0C0017131B /* UserAgreement.txt */; };
		FF4ED5BD2DAA74900017131B /* AppVersionManager.swift in Sources */ = {isa = PBXBuildFile; fileRef = FF4ED5BC2DAA74900017131B /* AppVersionManager.swift */; };
		FF58E72C2CFE913A00CC139B /* SwiftUIIntrospect in Frameworks */ = {isa = PBXBuildFile; productRef = FF58E72B2CFE913A00CC139B /* SwiftUIIntrospect */; };
		FF58E7322CFEF8F900CC139B /* NavigationTransitions in Frameworks */ = {isa = PBXBuildFile; productRef = FF58E7312CFEF8F900CC139B /* NavigationTransitions */; };
		FF5C360A2CD78B82001D7D32 /* SharesData.swift in Sources */ = {isa = PBXBuildFile; fileRef = FF5C36092CD78B1C001D7D32 /* SharesData.swift */; };
		FF5D24112D23965700C1D463 /* GeneralFunctions.swift in Sources */ = {isa = PBXBuildFile; fileRef = FF5D24102D23965200C1D463 /* GeneralFunctions.swift */; };
		FF5D24132D23C16300C1D463 /* ToastManager.swift in Sources */ = {isa = PBXBuildFile; fileRef = FF5D24122D23C16300C1D463 /* ToastManager.swift */; };
		FF5D24152D23C65000C1D463 /* GlobalToastContainerView.swift in Sources */ = {isa = PBXBuildFile; fileRef = FF5D24142D23C65000C1D463 /* GlobalToastContainerView.swift */; };
		FF5D24172D23C6D200C1D463 /* NotificationView.swift in Sources */ = {isa = PBXBuildFile; fileRef = FF5D24162D23C68F00C1D463 /* NotificationView.swift */; };
		FF5D24192D23DA2700C1D463 /* SingleToastView.swift in Sources */ = {isa = PBXBuildFile; fileRef = FF5D24182D23DA2700C1D463 /* SingleToastView.swift */; };
		FF5D241B2D2C10E200C1D463 /* LocalUserProfile.swift in Sources */ = {isa = PBXBuildFile; fileRef = FF5D241A2D2C10E200C1D463 /* LocalUserProfile.swift */; };
		FF5D241D2D2C145B00C1D463 /* UserProfileManager.swift in Sources */ = {isa = PBXBuildFile; fileRef = FF5D241C2D2C145B00C1D463 /* UserProfileManager.swift */; };
		FF650F502ED5B909001437AB /* PreviewHarness.swift in Sources */ = {isa = PBXBuildFile; fileRef = FF650F4F2ED5B909001437AB /* PreviewHarness.swift */; };
		FF6BC4D12C7C183F00423660 /* DeviceLookup.swift in Sources */ = {isa = PBXBuildFile; fileRef = FF6BC4D02C7C183F00423660 /* DeviceLookup.swift */; };
		FF6BC4D52C7C186000423660 /* SPCObserver.swift in Sources */ = {isa = PBXBuildFile; fileRef = FF6BC4D42C7C186000423660 /* SPCObserver.swift */; };
		FF6BC4D62C7C186000423660 /* PhotoCapture.swift in Sources */ = {isa = PBXBuildFile; fileRef = FF6BC4D22C7C186000423660 /* PhotoCapture.swift */; };
		FF6BC4D72C7C186000423660 /* MovieCapture.swift in Sources */ = {isa = PBXBuildFile; fileRef = FF6BC4D32C7C186000423660 /* MovieCapture.swift */; };
		FF6BC4DB2C7C187200423660 /* MediaLibrary.swift in Sources */ = {isa = PBXBuildFile; fileRef = FF6BC4D92C7C187200423660 /* MediaLibrary.swift */; };
		FF6BC4DC2C7C187200423660 /* DataTypes.swift in Sources */ = {isa = PBXBuildFile; fileRef = FF6BC4D82C7C187200423660 /* DataTypes.swift */; };
		FF6BC4DD2C7C187200423660 /* Camera.swift in Sources */ = {isa = PBXBuildFile; fileRef = FF6BC4DA2C7C187200423660 /* Camera.swift */; };
		FF6BC4E12C7C188300423660 /* CameraPreview.swift in Sources */ = {isa = PBXBuildFile; fileRef = FF6BC4DE2C7C188300423660 /* CameraPreview.swift */; };
		FF6BC4E22C7C188300423660 /* PreviewContainer.swift in Sources */ = {isa = PBXBuildFile; fileRef = FF6BC4E02C7C188300423660 /* PreviewContainer.swift */; };
		FF6BC4E32C7C188300423660 /* CameraUI.swift in Sources */ = {isa = PBXBuildFile; fileRef = FF6BC4DF2C7C188300423660 /* CameraUI.swift */; };
		FF6BC4E52C7C189400423660 /* CaptureModeView.swift in Sources */ = {isa = PBXBuildFile; fileRef = FF6BC4E42C7C189400423660 /* CaptureModeView.swift */; };
		FF6BC4E72C7C18A700423660 /* FeatureToolbar.swift in Sources */ = {isa = PBXBuildFile; fileRef = FF6BC4E62C7C18A700423660 /* FeatureToolbar.swift */; };
		FF6BC4EB2C7C18B400423660 /* StatusOverlayView.swift in Sources */ = {isa = PBXBuildFile; fileRef = FF6BC4EA2C7C18B400423660 /* StatusOverlayView.swift */; };
		FF6BC4EC2C7C18B400423660 /* LiveBadge.swift in Sources */ = {isa = PBXBuildFile; fileRef = FF6BC4E82C7C18B400423660 /* LiveBadge.swift */; };
		FF6BC4ED2C7C18B400423660 /* RecordingTimeView.swift in Sources */ = {isa = PBXBuildFile; fileRef = FF6BC4E92C7C18B400423660 /* RecordingTimeView.swift */; };
		FF6BC4F12C7C18CC00423660 /* CaptureExtensions.swift in Sources */ = {isa = PBXBuildFile; fileRef = FF6BC4F02C7C18CC00423660 /* CaptureExtensions.swift */; };
		FF6BC4F22C7C18CC00423660 /* FoundationExtensions.swift in Sources */ = {isa = PBXBuildFile; fileRef = FF6BC4EE2C7C18CC00423660 /* FoundationExtensions.swift */; };
		FF6BC4F32C7C18CC00423660 /* ViewExtensions.swift in Sources */ = {isa = PBXBuildFile; fileRef = FF6BC4EF2C7C18CC00423660 /* ViewExtensions.swift */; };
		FF6BC4F42C7C2DE600423660 /* CaptureButton.swift in Sources */ = {isa = PBXBuildFile; fileRef = FF3CD14B2C787A6500AF7086 /* CaptureButton.swift */; };
		FF6BC4F52C7C2DE600423660 /* DeleteButton.swift in Sources */ = {isa = PBXBuildFile; fileRef = FF3CD14A2C787A6500AF7086 /* DeleteButton.swift */; };
		FF6BC4F62C7C2DE600423660 /* MainToolbar.swift in Sources */ = {isa = PBXBuildFile; fileRef = FF3CD14D2C787A6500AF7086 /* MainToolbar.swift */; };
		FF6BC4F72C7C2DE600423660 /* PhotosPreview.swift in Sources */ = {isa = PBXBuildFile; fileRef = FF3CD14C2C787A6500AF7086 /* PhotosPreview.swift */; };
		FF6BC4F82C7C2DE600423660 /* SeceltedPhotoView.swift in Sources */ = {isa = PBXBuildFile; fileRef = FF3CD14F2C787A6500AF7086 /* SeceltedPhotoView.swift */; };
		FF6BC4F92C7C2DE600423660 /* SwitchCameraButton.swift in Sources */ = {isa = PBXBuildFile; fileRef = FF3CD1502C787A6500AF7086 /* SwitchCameraButton.swift */; };
		FF6BC4FA2C7C2DE600423660 /* ThumbnailButton.swift in Sources */ = {isa = PBXBuildFile; fileRef = FF3CD14E2C787A6500AF7086 /* ThumbnailButton.swift */; };
		FF6BC4FC2C7C6A3000423660 /* AppStateModel.swift in Sources */ = {isa = PBXBuildFile; fileRef = FF6BC4FB2C7C6A3000423660 /* AppStateModel.swift */; };
		FF6C38AD2D549956006966A7 /* MainMapContent.swift in Sources */ = {isa = PBXBuildFile; fileRef = FF6C38AC2D549956006966A7 /* MainMapContent.swift */; };
		FF769B4F2D66DF1400321540 /* EditNameView.swift in Sources */ = {isa = PBXBuildFile; fileRef = FF769B4E2D66DF1400321540 /* EditNameView.swift */; };
		FF769B512D68631300321540 /* EditOneCodeView.swift in Sources */ = {isa = PBXBuildFile; fileRef = FF769B502D68631300321540 /* EditOneCodeView.swift */; };
		FF769B532D6C6CD300321540 /* EditAvatarView.swift in Sources */ = {isa = PBXBuildFile; fileRef = FF769B522D6C6CD300321540 /* EditAvatarView.swift */; };
		FF769B5B2D6D9C0600321540 /* CustomImagePicker.swift in Sources */ = {isa = PBXBuildFile; fileRef = FF769B5A2D6D9C0600321540 /* CustomImagePicker.swift */; };
		FF769B5D2D6D9C3500321540 /* Crop.swift in Sources */ = {isa = PBXBuildFile; fileRef = FF769B5C2D6D9C3500321540 /* Crop.swift */; };
		FF769B612D7D730A00321540 /* AccountManagementView.swift in Sources */ = {isa = PBXBuildFile; fileRef = FF769B602D7D730A00321540 /* AccountManagementView.swift */; };
		FF84D7BF2D3E35C10060F060 /* ShareService.swift in Sources */ = {isa = PBXBuildFile; fileRef = FF84D7BE2D3E35C10060F060 /* ShareService.swift */; };
		FF84D7C32D40DE190060F060 /* OtherUserProfile.swift in Sources */ = {isa = PBXBuildFile; fileRef = FF84D7C22D40DE160060F060 /* OtherUserProfile.swift */; };
		FF84D7C52D45DA5C0060F060 /* OthersView.swift in Sources */ = {isa = PBXBuildFile; fileRef = FF84D7C42D45DA4F0060F060 /* OthersView.swift */; };
		FF87A8DA2ECC4B0300C92D25 /* VideoEngine.swift in Sources */ = {isa = PBXBuildFile; fileRef = FF87A8D92ECC4B0300C92D25 /* VideoEngine.swift */; };
		FF87A8DC2ECC4B1D00C92D25 /* VideoPlayerView.swift in Sources */ = {isa = PBXBuildFile; fileRef = FF87A8DB2ECC4B1D00C92D25 /* VideoPlayerView.swift */; };
		FF87A8DE2ECF034B00C92D25 /* 观之接口文档 20251120.md in Resources */ = {isa = PBXBuildFile; fileRef = FF87A8DD2ECF034B00C92D25 /* 观之接口文档 20251120.md */; };
		FF8BC0DD2CCF7388007DE51E /* ShareDetailView.swift in Sources */ = {isa = PBXBuildFile; fileRef = FF8BC0DC2CCF7388007DE51E /* ShareDetailView.swift */; };
		FF9EB98B2CA29EC4009A133E /* CustomAnnotation.swift in Sources */ = {isa = PBXBuildFile; fileRef = FF9EB98A2CA29EC4009A133E /* CustomAnnotation.swift */; };
		FFA51D8B2ECDF2ED0063A860 /* 地图数据获取优化方案.md in Resources */ = {isa = PBXBuildFile; fileRef = FFA51D8A2ECDF2ED0063A860 /* 地图数据获取优化方案.md */; };
		FFAC905F2C78848300FA7374 /* CameraView.swift in Sources */ = {isa = PBXBuildFile; fileRef = FF3CD1282C78787800AF7086 /* CameraView.swift */; };
		FFAC90602C78848300FA7374 /* CaptureService.swift in Sources */ = {isa = PBXBuildFile; fileRef = FF3CD1272C78787800AF7086 /* CaptureService.swift */; };
		FFAC90612C78848300FA7374 /* CameraModel.swift in Sources */ = {isa = PBXBuildFile; fileRef = FF3CD1292C78787800AF7086 /* CameraModel.swift */; };
		FFC00A382ECC195F00413F1A /* LivePhotoPackager.swift in Sources */ = {isa = PBXBuildFile; fileRef = FFC00A372ECC195F00413F1A /* LivePhotoPackager.swift */; };
		FFD24BE92C50E27A00BCE228 /* ProcessingView.swift in Sources */ = {isa = PBXBuildFile; fileRef = FFD24BE82C50E27A00BCE228 /* ProcessingView.swift */; };
		FFD24BEB2C58B85700BCE228 /* LookAroundView.swift in Sources */ = {isa = PBXBuildFile; fileRef = FFD24BEA2C58B85700BCE228 /* LookAroundView.swift */; };
		FFDDA3802D55B0F00027ED26 /* ZoomSliderView.swift in Sources */ = {isa = PBXBuildFile; fileRef = FFDDA37F2D55B0F00027ED26 /* ZoomSliderView.swift */; };
		FFDDA3822D5DC6C30027ED26 /* EditProfileView.swift in Sources */ = {isa = PBXBuildFile; fileRef = FFDDA3812D5DC6C30027ED26 /* EditProfileView.swift */; };
		FFF669272CA93EEA005FDB86 /* SearchViewModel.swift in Sources */ = {isa = PBXBuildFile; fileRef = FFF669262CA93EEA005FDB86 /* SearchViewModel.swift */; };
		FFF669292CAA3BF4005FDB86 /* CameraViewWrapper.swift in Sources */ = {isa = PBXBuildFile; fileRef = FFF669282CAA3BF4005FDB86 /* CameraViewWrapper.swift */; };
		FFF6692B2CB6292D005FDB86 /* MapOverlayView.swift in Sources */ = {isa = PBXBuildFile; fileRef = FFF6692A2CB6292D005FDB86 /* MapOverlayView.swift */; };
/* End PBXBuildFile section */

/* Begin PBXCopyFilesBuildPhase section */
		FF366EA02CFDA986008B6864 /* Embed Frameworks */ = {
			isa = PBXCopyFilesBuildPhase;
			buildActionMask = 2147483647;
			dstPath = "";
			dstSubfolderSpec = 10;
			files = (
			);
			name = "Embed Frameworks";
			runOnlyForDeploymentPostprocessing = 0;
		};
/* End PBXCopyFilesBuildPhase section */

/* Begin PBXFileReference section */
		6DB642E9392618C911A51E04 /* Pods_guanzhi.framework */ = {isa = PBXFileReference; explicitFileType = wrapper.framework; includeInIndex = 0; path = Pods_guanzhi.framework; sourceTree = BUILT_PRODUCTS_DIR; };
		85B32ABF81BE56D4F7168B76 /* Pods-guanzhi.release.xcconfig */ = {isa = PBXFileReference; includeInIndex = 1; lastKnownFileType = text.xcconfig; name = "Pods-guanzhi.release.xcconfig"; path = "Target Support Files/Pods-guanzhi/Pods-guanzhi.release.xcconfig"; sourceTree = "<group>"; };
		BF04D7B541F8EA61A15C6461 /* Pods-guanzhi.debug.xcconfig */ = {isa = PBXFileReference; includeInIndex = 1; lastKnownFileType = text.xcconfig; name = "Pods-guanzhi.debug.xcconfig"; path = "Target Support Files/Pods-guanzhi/Pods-guanzhi.debug.xcconfig"; sourceTree = "<group>"; };
		D1093C2E2B669795008553A3 /* Info.plist */ = {isa = PBXFileReference; lastKnownFileType = text.plist; path = Info.plist; sourceTree = "<group>"; };
		D1093C2F2B6A7D99008553A3 /* ShareListView.swift */ = {isa = PBXFileReference; lastKnownFileType = sourcecode.swift; path = ShareListView.swift; sourceTree = "<group>"; };
		D1093C312B6A819A008553A3 /* ShareSingleView.swift */ = {isa = PBXFileReference; lastKnownFileType = sourcecode.swift; path = ShareSingleView.swift; sourceTree = "<group>"; };
		D13FFDCA2B90CA9A007E1970 /* SheetView.swift */ = {isa = PBXFileReference; lastKnownFileType = sourcecode.swift; path = SheetView.swift; sourceTree = "<group>"; };
		D13FFDCC2B90CAD0007E1970 /* ResultCardView.swift */ = {isa = PBXFileReference; lastKnownFileType = sourcecode.swift; path = ResultCardView.swift; sourceTree = "<group>"; };
		D13FFDD42BAB36FA007E1970 /* LogInView.swift */ = {isa = PBXFileReference; lastKnownFileType = sourcecode.swift; path = LogInView.swift; sourceTree = "<group>"; };
		D13FFDD72BAB379A007E1970 /* UserLoginModel.swift */ = {isa = PBXFileReference; lastKnownFileType = sourcecode.swift; path = UserLoginModel.swift; sourceTree = "<group>"; };
		D13FFDD92BAB3808007E1970 /* NetworkService.swift */ = {isa = PBXFileReference; lastKnownFileType = sourcecode.swift; path = NetworkService.swift; sourceTree = "<group>"; };
		D13FFDDB2BAB383A007E1970 /* OTORequests.swift */ = {isa = PBXFileReference; lastKnownFileType = sourcecode.swift; path = OTORequests.swift; sourceTree = "<group>"; };
		D13FFDDD2BAB3897007E1970 /* OTOTypes.swift */ = {isa = PBXFileReference; lastKnownFileType = sourcecode.swift; path = OTOTypes.swift; sourceTree = "<group>"; };
		D13FFDDF2BAB38D4007E1970 /* MessageInputViewModel.swift */ = {isa = PBXFileReference; lastKnownFileType = sourcecode.swift; path = MessageInputViewModel.swift; sourceTree = "<group>"; };
		D13FFDE12BAF1E80007E1970 /* ButtonStyles.swift */ = {isa = PBXFileReference; lastKnownFileType = sourcecode.swift; path = ButtonStyles.swift; sourceTree = "<group>"; };
		D13FFDE32BAF1F1C007E1970 /* AutoNotificationBanner.swift */ = {isa = PBXFileReference; fileEncoding = 4; lastKnownFileType = sourcecode.swift; path = AutoNotificationBanner.swift; sourceTree = "<group>"; };
		D13FFDE72BAF1F26007E1970 /* PhoneNumberTextField.swift */ = {isa = PBXFileReference; fileEncoding = 4; lastKnownFileType = sourcecode.swift; path = PhoneNumberTextField.swift; sourceTree = "<group>"; };
		D13FFDE82BAF1F26007E1970 /* RoundedRectangleTextField.swift */ = {isa = PBXFileReference; fileEncoding = 4; lastKnownFileType = sourcecode.swift; path = RoundedRectangleTextField.swift; sourceTree = "<group>"; };
		D13FFDE92BAF1F26007E1970 /* CapsuleTextField.swift */ = {isa = PBXFileReference; fileEncoding = 4; lastKnownFileType = sourcecode.swift; path = CapsuleTextField.swift; sourceTree = "<group>"; };
		D13FFDEA2BAF1F26007E1970 /* NicknameTextField.swift */ = {isa = PBXFileReference; fileEncoding = 4; lastKnownFileType = sourcecode.swift; path = NicknameTextField.swift; sourceTree = "<group>"; };
		D13FFDEB2BAF1F26007E1970 /* OTPTextField.swift */ = {isa = PBXFileReference; fileEncoding = 4; lastKnownFileType = sourcecode.swift; path = OTPTextField.swift; sourceTree = "<group>"; };
		D13FFDF32BAF1F5D007E1970 /* AlertStyles.swift */ = {isa = PBXFileReference; fileEncoding = 4; lastKnownFileType = sourcecode.swift; name = AlertStyles.swift; path = ../../AlertStyles.swift; sourceTree = "<group>"; };
		D17042BF2B542346005683D2 /* SearchView.swift */ = {isa = PBXFileReference; lastKnownFileType = sourcecode.swift; path = SearchView.swift; sourceTree = "<group>"; };
		D19912012B5292A6002A711A /* MyView.swift */ = {isa = PBXFileReference; lastKnownFileType = sourcecode.swift; path = MyView.swift; sourceTree = "<group>"; };
		D19912042B529346002A711A /* Constants.swift */ = {isa = PBXFileReference; lastKnownFileType = sourcecode.swift; path = Constants.swift; sourceTree = "<group>"; };
		D19912062B52972B002A711A /* TagView.swift */ = {isa = PBXFileReference; lastKnownFileType = sourcecode.swift; path = TagView.swift; sourceTree = "<group>"; };
		D19F20A22BC2DA1A00721144 /* MessageView.swift */ = {isa = PBXFileReference; lastKnownFileType = sourcecode.swift; path = MessageView.swift; sourceTree = "<group>"; };
		D19F20A42BC2DE2F00721144 /* NameView.swift */ = {isa = PBXFileReference; lastKnownFileType = sourcecode.swift; path = NameView.swift; sourceTree = "<group>"; };
		D1CE06152B526930001303F2 /* guanzhi.app */ = {isa = PBXFileReference; explicitFileType = wrapper.application; includeInIndex = 0; path = guanzhi.app; sourceTree = BUILT_PRODUCTS_DIR; };
		D1CE06182B526930001303F2 /* guanzhiApp.swift */ = {isa = PBXFileReference; lastKnownFileType = sourcecode.swift; path = guanzhiApp.swift; sourceTree = "<group>"; };
		D1CE061C2B526931001303F2 /* Assets.xcassets */ = {isa = PBXFileReference; lastKnownFileType = folder.assetcatalog; path = Assets.xcassets; sourceTree = "<group>"; };
		D1CE061F2B526931001303F2 /* Preview Assets.xcassets */ = {isa = PBXFileReference; lastKnownFileType = folder.assetcatalog; path = "Preview Assets.xcassets"; sourceTree = "<group>"; };
		D1F67AB22B8A193A00292FEB /* SettingView.swift */ = {isa = PBXFileReference; lastKnownFileType = sourcecode.swift; path = SettingView.swift; sourceTree = "<group>"; };
		FF00258F2D3754F10056C5C6 /* UserTimelineViewModel.swift */ = {isa = PBXFileReference; lastKnownFileType = sourcecode.swift; path = UserTimelineViewModel.swift; sourceTree = "<group>"; };
		FF1A50222CA0F5D500596DBD /* LocationService.swift */ = {isa = PBXFileReference; lastKnownFileType = sourcecode.swift; path = LocationService.swift; sourceTree = "<group>"; };
		FF2D288E2B6A79A100143D0A /* TextfieldStyles.swift */ = {isa = PBXFileReference; lastKnownFileType = sourcecode.swift; path = TextfieldStyles.swift; sourceTree = "<group>"; };
		FF3984C82CA5574700EF378D /* ShareDetailsCardView.swift */ = {isa = PBXFileReference; lastKnownFileType = sourcecode.swift; path = ShareDetailsCardView.swift; sourceTree = "<group>"; };
		FF3CD0CA2C78705C00AF7086 /* PreviewCameraModel.swift */ = {isa = PBXFileReference; fileEncoding = 4; lastKnownFileType = sourcecode.swift; path = PreviewCameraModel.swift; sourceTree = "<group>"; };
		FF3CD1272C78787800AF7086 /* CaptureService.swift */ = {isa = PBXFileReference; lastKnownFileType = sourcecode.swift; path = CaptureService.swift; sourceTree = "<group>"; };
		FF3CD1282C78787800AF7086 /* CameraView.swift */ = {isa = PBXFileReference; lastKnownFileType = sourcecode.swift; path = CameraView.swift; sourceTree = "<group>"; };
		FF3CD1292C78787800AF7086 /* CameraModel.swift */ = {isa = PBXFileReference; lastKnownFileType = sourcecode.swift; path = CameraModel.swift; sourceTree = "<group>"; };
		FF3CD14A2C787A6500AF7086 /* DeleteButton.swift */ = {isa = PBXFileReference; lastKnownFileType = sourcecode.swift; path = DeleteButton.swift; sourceTree = "<group>"; };
		FF3CD14B2C787A6500AF7086 /* CaptureButton.swift */ = {isa = PBXFileReference; lastKnownFileType = sourcecode.swift; path = CaptureButton.swift; sourceTree = "<group>"; };
		FF3CD14C2C787A6500AF7086 /* PhotosPreview.swift */ = {isa = PBXFileReference; lastKnownFileType = sourcecode.swift; path = PhotosPreview.swift; sourceTree = "<group>"; };
		FF3CD14D2C787A6500AF7086 /* MainToolbar.swift */ = {isa = PBXFileReference; lastKnownFileType = sourcecode.swift; path = MainToolbar.swift; sourceTree = "<group>"; };
		FF3CD14E2C787A6500AF7086 /* ThumbnailButton.swift */ = {isa = PBXFileReference; lastKnownFileType = sourcecode.swift; path = ThumbnailButton.swift; sourceTree = "<group>"; };
		FF3CD14F2C787A6500AF7086 /* SeceltedPhotoView.swift */ = {isa = PBXFileReference; lastKnownFileType = sourcecode.swift; path = SeceltedPhotoView.swift; sourceTree = "<group>"; };
		FF3CD1502C787A6500AF7086 /* SwitchCameraButton.swift */ = {isa = PBXFileReference; lastKnownFileType = sourcecode.swift; path = SwitchCameraButton.swift; sourceTree = "<group>"; };
		FF4224612CE5C2AF00734C39 /* CoordinateConverter.swift */ = {isa = PBXFileReference; lastKnownFileType = sourcecode.swift; path = CoordinateConverter.swift; sourceTree = "<group>"; };
		FF4224632CE5C2E700734C39 /* GCJ02.json */ = {isa = PBXFileReference; lastKnownFileType = text.json; path = GCJ02.json; sourceTree = "<group>"; };
		FF4224652CEBAB8000734C39 /* MediaItemView.swift */ = {isa = PBXFileReference; lastKnownFileType = sourcecode.swift; path = MediaItemView.swift; sourceTree = "<group>"; };
		FF47FFE02C47C4F000A4A8F8 /* HelpCardView.swift */ = {isa = PBXFileReference; lastKnownFileType = sourcecode.swift; path = HelpCardView.swift; sourceTree = "<group>"; };
		FF4ED5BA2DAA6D0C0017131B /* UserAgreement.txt */ = {isa = PBXFileReference; lastKnownFileType = text; path = UserAgreement.txt; sourceTree = "<group>"; };
		FF4ED5BC2DAA74900017131B /* AppVersionManager.swift */ = {isa = PBXFileReference; lastKnownFileType = sourcecode.swift; path = AppVersionManager.swift; sourceTree = "<group>"; };
		FF5C36092CD78B1C001D7D32 /* SharesData.swift */ = {isa = PBXFileReference; lastKnownFileType = sourcecode.swift; path = SharesData.swift; sourceTree = "<group>"; };
		FF5D24102D23965200C1D463 /* GeneralFunctions.swift */ = {isa = PBXFileReference; lastKnownFileType = sourcecode.swift; path = GeneralFunctions.swift; sourceTree = "<group>"; };
		FF5D24122D23C16300C1D463 /* ToastManager.swift */ = {isa = PBXFileReference; lastKnownFileType = sourcecode.swift; path = ToastManager.swift; sourceTree = "<group>"; };
		FF5D24142D23C65000C1D463 /* GlobalToastContainerView.swift */ = {isa = PBXFileReference; lastKnownFileType = sourcecode.swift; path = GlobalToastContainerView.swift; sourceTree = "<group>"; };
		FF5D24162D23C68F00C1D463 /* NotificationView.swift */ = {isa = PBXFileReference; lastKnownFileType = sourcecode.swift; path = NotificationView.swift; sourceTree = "<group>"; };
		FF5D24182D23DA2700C1D463 /* SingleToastView.swift */ = {isa = PBXFileReference; lastKnownFileType = sourcecode.swift; path = SingleToastView.swift; sourceTree = "<group>"; };
		FF5D241A2D2C10E200C1D463 /* LocalUserProfile.swift */ = {isa = PBXFileReference; lastKnownFileType = sourcecode.swift; path = LocalUserProfile.swift; sourceTree = "<group>"; };
		FF5D241C2D2C145B00C1D463 /* UserProfileManager.swift */ = {isa = PBXFileReference; lastKnownFileType = sourcecode.swift; path = UserProfileManager.swift; sourceTree = "<group>"; };
		FF650F4F2ED5B909001437AB /* PreviewHarness.swift */ = {isa = PBXFileReference; lastKnownFileType = sourcecode.swift; path = PreviewHarness.swift; sourceTree = "<group>"; };
		FF6BC4D02C7C183F00423660 /* DeviceLookup.swift */ = {isa = PBXFileReference; lastKnownFileType = sourcecode.swift; path = DeviceLookup.swift; sourceTree = "<group>"; };
		FF6BC4D22C7C186000423660 /* PhotoCapture.swift */ = {isa = PBXFileReference; lastKnownFileType = sourcecode.swift; path = PhotoCapture.swift; sourceTree = "<group>"; };
		FF6BC4D32C7C186000423660 /* MovieCapture.swift */ = {isa = PBXFileReference; lastKnownFileType = sourcecode.swift; path = MovieCapture.swift; sourceTree = "<group>"; };
		FF6BC4D42C7C186000423660 /* SPCObserver.swift */ = {isa = PBXFileReference; lastKnownFileType = sourcecode.swift; path = SPCObserver.swift; sourceTree = "<group>"; };
		FF6BC4D82C7C187200423660 /* DataTypes.swift */ = {isa = PBXFileReference; lastKnownFileType = sourcecode.swift; path = DataTypes.swift; sourceTree = "<group>"; };
		FF6BC4D92C7C187200423660 /* MediaLibrary.swift */ = {isa = PBXFileReference; lastKnownFileType = sourcecode.swift; path = MediaLibrary.swift; sourceTree = "<group>"; };
		FF6BC4DA2C7C187200423660 /* Camera.swift */ = {isa = PBXFileReference; lastKnownFileType = sourcecode.swift; path = Camera.swift; sourceTree = "<group>"; };
		FF6BC4DE2C7C188300423660 /* CameraPreview.swift */ = {isa = PBXFileReference; lastKnownFileType = sourcecode.swift; path = CameraPreview.swift; sourceTree = "<group>"; };
		FF6BC4DF2C7C188300423660 /* CameraUI.swift */ = {isa = PBXFileReference; lastKnownFileType = sourcecode.swift; path = CameraUI.swift; sourceTree = "<group>"; };
		FF6BC4E02C7C188300423660 /* PreviewContainer.swift */ = {isa = PBXFileReference; lastKnownFileType = sourcecode.swift; path = PreviewContainer.swift; sourceTree = "<group>"; };
		FF6BC4E42C7C189400423660 /* CaptureModeView.swift */ = {isa = PBXFileReference; lastKnownFileType = sourcecode.swift; path = CaptureModeView.swift; sourceTree = "<group>"; };
		FF6BC4E62C7C18A700423660 /* FeatureToolbar.swift */ = {isa = PBXFileReference; lastKnownFileType = sourcecode.swift; path = FeatureToolbar.swift; sourceTree = "<group>"; };
		FF6BC4E82C7C18B400423660 /* LiveBadge.swift */ = {isa = PBXFileReference; lastKnownFileType = sourcecode.swift; path = LiveBadge.swift; sourceTree = "<group>"; };
		FF6BC4E92C7C18B400423660 /* RecordingTimeView.swift */ = {isa = PBXFileReference; lastKnownFileType = sourcecode.swift; path = RecordingTimeView.swift; sourceTree = "<group>"; };
		FF6BC4EA2C7C18B400423660 /* StatusOverlayView.swift */ = {isa = PBXFileReference; lastKnownFileType = sourcecode.swift; path = StatusOverlayView.swift; sourceTree = "<group>"; };
		FF6BC4EE2C7C18CC00423660 /* FoundationExtensions.swift */ = {isa = PBXFileReference; lastKnownFileType = sourcecode.swift; path = FoundationExtensions.swift; sourceTree = "<group>"; };
		FF6BC4EF2C7C18CC00423660 /* ViewExtensions.swift */ = {isa = PBXFileReference; lastKnownFileType = sourcecode.swift; path = ViewExtensions.swift; sourceTree = "<group>"; };
		FF6BC4F02C7C18CC00423660 /* CaptureExtensions.swift */ = {isa = PBXFileReference; lastKnownFileType = sourcecode.swift; path = CaptureExtensions.swift; sourceTree = "<group>"; };
		FF6BC4FB2C7C6A3000423660 /* AppStateModel.swift */ = {isa = PBXFileReference; lastKnownFileType = sourcecode.swift; path = AppStateModel.swift; sourceTree = "<group>"; };
		FF6C38AC2D549956006966A7 /* MainMapContent.swift */ = {isa = PBXFileReference; lastKnownFileType = sourcecode.swift; path = MainMapContent.swift; sourceTree = "<group>"; };
		FF769B4E2D66DF1400321540 /* EditNameView.swift */ = {isa = PBXFileReference; lastKnownFileType = sourcecode.swift; path = EditNameView.swift; sourceTree = "<group>"; };
		FF769B502D68631300321540 /* EditOneCodeView.swift */ = {isa = PBXFileReference; lastKnownFileType = sourcecode.swift; path = EditOneCodeView.swift; sourceTree = "<group>"; };
		FF769B522D6C6CD300321540 /* EditAvatarView.swift */ = {isa = PBXFileReference; lastKnownFileType = sourcecode.swift; path = EditAvatarView.swift; sourceTree = "<group>"; };
		FF769B5A2D6D9C0600321540 /* CustomImagePicker.swift */ = {isa = PBXFileReference; lastKnownFileType = sourcecode.swift; path = CustomImagePicker.swift; sourceTree = "<group>"; };
		FF769B5C2D6D9C3500321540 /* Crop.swift */ = {isa = PBXFileReference; lastKnownFileType = sourcecode.swift; path = Crop.swift; sourceTree = "<group>"; };
		FF769B602D7D730A00321540 /* AccountManagementView.swift */ = {isa = PBXFileReference; lastKnownFileType = sourcecode.swift; path = AccountManagementView.swift; sourceTree = "<group>"; };
		FF84D7BE2D3E35C10060F060 /* ShareService.swift */ = {isa = PBXFileReference; lastKnownFileType = sourcecode.swift; path = ShareService.swift; sourceTree = "<group>"; };
		FF84D7C22D40DE160060F060 /* OtherUserProfile.swift */ = {isa = PBXFileReference; lastKnownFileType = sourcecode.swift; path = OtherUserProfile.swift; sourceTree = "<group>"; };
		FF84D7C42D45DA4F0060F060 /* OthersView.swift */ = {isa = PBXFileReference; lastKnownFileType = sourcecode.swift; path = OthersView.swift; sourceTree = "<group>"; };
		FF87A8D92ECC4B0300C92D25 /* VideoEngine.swift */ = {isa = PBXFileReference; lastKnownFileType = sourcecode.swift; path = VideoEngine.swift; sourceTree = "<group>"; };
		FF87A8DB2ECC4B1D00C92D25 /* VideoPlayerView.swift */ = {isa = PBXFileReference; lastKnownFileType = sourcecode.swift; path = VideoPlayerView.swift; sourceTree = "<group>"; };
		FF87A8DD2ECF034B00C92D25 /* 观之接口文档 20251120.md */ = {isa = PBXFileReference; lastKnownFileType = net.daringfireball.markdown; path = "观之接口文档 20251120.md"; sourceTree = "<group>"; };
		FF8BC0DC2CCF7388007DE51E /* ShareDetailView.swift */ = {isa = PBXFileReference; lastKnownFileType = sourcecode.swift; path = ShareDetailView.swift; sourceTree = "<group>"; };
		FF9EB98A2CA29EC4009A133E /* CustomAnnotation.swift */ = {isa = PBXFileReference; lastKnownFileType = sourcecode.swift; path = CustomAnnotation.swift; sourceTree = "<group>"; };
		FFA51D8A2ECDF2ED0063A860 /* 地图数据获取优化方案.md */ = {isa = PBXFileReference; lastKnownFileType = net.daringfireball.markdown; path = "地图数据获取优化方案.md"; sourceTree = "<group>"; };
		FFC00A372ECC195F00413F1A /* LivePhotoPackager.swift */ = {isa = PBXFileReference; lastKnownFileType = sourcecode.swift; path = LivePhotoPackager.swift; sourceTree = "<group>"; };
		FFD24BE82C50E27A00BCE228 /* ProcessingView.swift */ = {isa = PBXFileReference; lastKnownFileType = sourcecode.swift; path = ProcessingView.swift; sourceTree = "<group>"; };
		FFD24BEA2C58B85700BCE228 /* LookAroundView.swift */ = {isa = PBXFileReference; lastKnownFileType = sourcecode.swift; path = LookAroundView.swift; sourceTree = "<group>"; };
		FFDDA37F2D55B0F00027ED26 /* ZoomSliderView.swift */ = {isa = PBXFileReference; lastKnownFileType = sourcecode.swift; path = ZoomSliderView.swift; sourceTree = "<group>"; };
		FFDDA3812D5DC6C30027ED26 /* EditProfileView.swift */ = {isa = PBXFileReference; lastKnownFileType = sourcecode.swift; path = EditProfileView.swift; sourceTree = "<group>"; };
		FFF669262CA93EEA005FDB86 /* SearchViewModel.swift */ = {isa = PBXFileReference; lastKnownFileType = sourcecode.swift; path = SearchViewModel.swift; sourceTree = "<group>"; };
		FFF669282CAA3BF4005FDB86 /* CameraViewWrapper.swift */ = {isa = PBXFileReference; lastKnownFileType = sourcecode.swift; path = CameraViewWrapper.swift; sourceTree = "<group>"; };
		FFF6692A2CB6292D005FDB86 /* MapOverlayView.swift */ = {isa = PBXFileReference; lastKnownFileType = sourcecode.swift; path = MapOverlayView.swift; sourceTree = "<group>"; };
/* End PBXFileReference section */

/* Begin PBXFrameworksBuildPhase section */
		D1CE06122B526930001303F2 /* Frameworks */ = {
			isa = PBXFrameworksBuildPhase;
			buildActionMask = 2147483647;
			files = (
				D5A9026381BEF0E8029D2F21 /* Pods_guanzhi.framework in Frameworks */,
				FF58E7322CFEF8F900CC139B /* NavigationTransitions in Frameworks */,
				FF58E72C2CFE913A00CC139B /* SwiftUIIntrospect in Frameworks */,
			);
			runOnlyForDeploymentPostprocessing = 0;
		};
/* End PBXFrameworksBuildPhase section */

/* Begin PBXGroup section */
		3F08088C5D0FF0978F6DCC2D /* Frameworks */ = {
			isa = PBXGroup;
			children = (
				6DB642E9392618C911A51E04 /* Pods_guanzhi.framework */,
			);
			name = Frameworks;
			sourceTree = "<group>";
		};
		720003218D3FAA9F1D0B6DE4 /* Pods */ = {
			isa = PBXGroup;
			children = (
				BF04D7B541F8EA61A15C6461 /* Pods-guanzhi.debug.xcconfig */,
				85B32ABF81BE56D4F7168B76 /* Pods-guanzhi.release.xcconfig */,
			);
			path = Pods;
			sourceTree = "<group>";
		};
		D13FFDC92B90CA7A007E1970 /* FrontPage */ = {
			isa = PBXGroup;
			children = (
				D17042BF2B542346005683D2 /* SearchView.swift */,
				D13FFDCA2B90CA9A007E1970 /* SheetView.swift */,
				FF9EB98A2CA29EC4009A133E /* CustomAnnotation.swift */,
				FFF6692A2CB6292D005FDB86 /* MapOverlayView.swift */,
				D13FFDCC2B90CAD0007E1970 /* ResultCardView.swift */,
				FFF669282CAA3BF4005FDB86 /* CameraViewWrapper.swift */,
				FFD24BEA2C58B85700BCE228 /* LookAroundView.swift */,
				FF47FFE02C47C4F000A4A8F8 /* HelpCardView.swift */,
				FF8BC0DC2CCF7388007DE51E /* ShareDetailView.swift */,
				FF3984C82CA5574700EF378D /* ShareDetailsCardView.swift */,
				FF4224652CEBAB8000734C39 /* MediaItemView.swift */,
			);
			path = FrontPage;
			sourceTree = "<group>";
		};
		D13FFDCE2B9DEF58007E1970 /* MyPages */ = {
			isa = PBXGroup;
			children = (
				D19912012B5292A6002A711A /* MyView.swift */,
				D1093C2F2B6A7D99008553A3 /* ShareListView.swift */,
				FF84D7C42D45DA4F0060F060 /* OthersView.swift */,
				D1093C312B6A819A008553A3 /* ShareSingleView.swift */,
				D1F67AB22B8A193A00292FEB /* SettingView.swift */,
				FF769B602D7D730A00321540 /* AccountManagementView.swift */,
				FF769B5F2D7D67BB00321540 /* EditProfile */,
			);
			path = MyPages;
			sourceTree = "<group>";
		};
		D13FFDD32BAB36D3007E1970 /* LoginViews */ = {
			isa = PBXGroup;
			children = (
				D13FFDD42BAB36FA007E1970 /* LogInView.swift */,
				D19F20A22BC2DA1A00721144 /* MessageView.swift */,
				D19F20A42BC2DE2F00721144 /* NameView.swift */,
			);
			path = LoginViews;
			sourceTree = "<group>";
		};
		D13FFDD62BAB377A007E1970 /* ModelsForMap */ = {
			isa = PBXGroup;
			children = (
				FFA51D8A2ECDF2ED0063A860 /* 地图数据获取优化方案.md */,
				FF87A8D92ECC4B0300C92D25 /* VideoEngine.swift */,
				FF84D7BE2D3E35C10060F060 /* ShareService.swift */,
				FFF669262CA93EEA005FDB86 /* SearchViewModel.swift */,
				FF4224612CE5C2AF00734C39 /* CoordinateConverter.swift */,
				FF1A50222CA0F5D500596DBD /* LocationService.swift */,
			);
			path = ModelsForMap;
			sourceTree = "<group>";
		};
		D17042C12B5429EA005683D2 /* UIElement */ = {
			isa = PBXGroup;
			children = (
				FF87A8DB2ECC4B1D00C92D25 /* VideoPlayerView.swift */,
				FF7B72EE2B9A04DB0045E866 /* NotificationStyles */,
				FF7B72E82B99E6640045E866 /* TextfieldStyles */,
			);
			path = UIElement;
			sourceTree = "<group>";
		};
		D19912002B529285002A711A /* View */ = {
			isa = PBXGroup;
			children = (
				D13FFDD32BAB36D3007E1970 /* LoginViews */,
				D13FFDC92B90CA7A007E1970 /* FrontPage */,
				FF6C38AB2D549932006966A7 /* MapPages */,
				D13FFDCE2B9DEF58007E1970 /* MyPages */,
				D17042C12B5429EA005683D2 /* UIElement */,
				D19912062B52972B002A711A /* TagView.swift */,
				D13FFDF32BAF1F5D007E1970 /* AlertStyles.swift */,
				D13FFDE12BAF1E80007E1970 /* ButtonStyles.swift */,
				FFD24BE82C50E27A00BCE228 /* ProcessingView.swift */,
			);
			path = View;
			sourceTree = "<group>";
		};
		D19912032B52931A002A711A /* Data */ = {
			isa = PBXGroup;
			children = (
				FF650F4F2ED5B909001437AB /* PreviewHarness.swift */,
				FF87A8DD2ECF034B00C92D25 /* 观之接口文档 20251120.md */,
				FF4ED5BA2DAA6D0C0017131B /* UserAgreement.txt */,
				FF84D7C22D40DE160060F060 /* OtherUserProfile.swift */,
				FF5D241A2D2C10E200C1D463 /* LocalUserProfile.swift */,
				FF5C36092CD78B1C001D7D32 /* SharesData.swift */,
				D19912042B529346002A711A /* Constants.swift */,
				FF4224632CE5C2E700734C39 /* GCJ02.json */,
			);
			path = Data;
			sourceTree = "<group>";
		};
		D1CE060C2B526930001303F2 = {
			isa = PBXGroup;
			children = (
				D1CE06172B526930001303F2 /* guanzhi */,
				D1CE061C2B526931001303F2 /* Assets.xcassets */,
				D1CE06162B526930001303F2 /* Products */,
				720003218D3FAA9F1D0B6DE4 /* Pods */,
				3F08088C5D0FF0978F6DCC2D /* Frameworks */,
			);
			sourceTree = "<group>";
		};
		D1CE06162B526930001303F2 /* Products */ = {
			isa = PBXGroup;
			children = (
				D1CE06152B526930001303F2 /* guanzhi.app */,
			);
			name = Products;
			sourceTree = "<group>";
		};
		D1CE06172B526930001303F2 /* guanzhi */ = {
			isa = PBXGroup;
			children = (
				D1093C2E2B669795008553A3 /* Info.plist */,
				D1CE06182B526930001303F2 /* guanzhiApp.swift */,
				FF6BC4FB2C7C6A3000423660 /* AppStateModel.swift */,
				FF3CD1292C78787800AF7086 /* CameraModel.swift */,
				FF3CD1282C78787800AF7086 /* CameraView.swift */,
				FF3CD1272C78787800AF7086 /* CaptureService.swift */,
				D19912002B529285002A711A /* View */,
				FF3CD12C2C78790C00AF7086 /* CameraViews */,
				FF3CD12E2C78791B00AF7086 /* CaptureFunctions */,
				D13FFDD62BAB377A007E1970 /* ModelsForMap */,
				FF5D240A2D23929000C1D463 /* ModelsForNetwork */,
				FF3CD12D2C78791100AF7086 /* ModelsForCapture */,
				D19912032B52931A002A711A /* Data */,
				FF5D240B2D2395E700C1D463 /* GeneralFunctions */,
				FF3CD12A2C78788900AF7086 /* Support */,
				D1CE061E2B526931001303F2 /* Preview Content */,
				FF7B72ED2B99F6A20045E866 /* Deprecated */,
			);
			path = guanzhi;
			sourceTree = "<group>";
		};
		D1CE061E2B526931001303F2 /* Preview Content */ = {
			isa = PBXGroup;
			children = (
				D1CE061F2B526931001303F2 /* Preview Assets.xcassets */,
				FF3CD0CA2C78705C00AF7086 /* PreviewCameraModel.swift */,
			);
			path = "Preview Content";
			sourceTree = "<group>";
		};
		FF3CD12A2C78788900AF7086 /* Support */ = {
			isa = PBXGroup;
			children = (
				FF6BC4F02C7C18CC00423660 /* CaptureExtensions.swift */,
				FF6BC4EE2C7C18CC00423660 /* FoundationExtensions.swift */,
				FF6BC4EF2C7C18CC00423660 /* ViewExtensions.swift */,
			);
			path = Support;
			sourceTree = "<group>";
		};
		FF3CD12C2C78790C00AF7086 /* CameraViews */ = {
			isa = PBXGroup;
			children = (
				FF6BC4DE2C7C188300423660 /* CameraPreview.swift */,
				FF6BC4DF2C7C188300423660 /* CameraUI.swift */,
				FF6BC4E02C7C188300423660 /* PreviewContainer.swift */,
				FF3CD1452C7879BC00AF7086 /* Controls */,
				FF3CD1442C7879B600AF7086 /* Toolbars */,
				FF3CD1432C7879A100AF7086 /* Overlays */,
			);
			path = CameraViews;
			sourceTree = "<group>";
		};
		FF3CD12D2C78791100AF7086 /* ModelsForCapture */ = {
			isa = PBXGroup;
			children = (
				FF6BC4DA2C7C187200423660 /* Camera.swift */,
				FF6BC4D82C7C187200423660 /* DataTypes.swift */,
				FF6BC4D92C7C187200423660 /* MediaLibrary.swift */,
			);
			path = ModelsForCapture;
			sourceTree = "<group>";
		};
		FF3CD12E2C78791B00AF7086 /* CaptureFunctions */ = {
			isa = PBXGroup;
			children = (
				FF6BC4D32C7C186000423660 /* MovieCapture.swift */,
				FF6BC4D22C7C186000423660 /* PhotoCapture.swift */,
				FF6BC4D42C7C186000423660 /* SPCObserver.swift */,
				FF6BC4D02C7C183F00423660 /* DeviceLookup.swift */,
			);
			path = CaptureFunctions;
			sourceTree = "<group>";
		};
		FF3CD1432C7879A100AF7086 /* Overlays */ = {
			isa = PBXGroup;
			children = (
				FF6BC4E82C7C18B400423660 /* LiveBadge.swift */,
				FF6BC4E92C7C18B400423660 /* RecordingTimeView.swift */,
				FF6BC4EA2C7C18B400423660 /* StatusOverlayView.swift */,
			);
			path = Overlays;
			sourceTree = "<group>";
		};
		FF3CD1442C7879B600AF7086 /* Toolbars */ = {
			isa = PBXGroup;
			children = (
				FF3CD1492C787A3B00AF7086 /* MainToolbar */,
				FF3CD1482C787A2A00AF7086 /* FeatureToolbar */,
			);
			path = Toolbars;
			sourceTree = "<group>";
		};
		FF3CD1452C7879BC00AF7086 /* Controls */ = {
			isa = PBXGroup;
			children = (
				FF6BC4E42C7C189400423660 /* CaptureModeView.swift */,
			);
			path = Controls;
			sourceTree = "<group>";
		};
		FF3CD1482C787A2A00AF7086 /* FeatureToolbar */ = {
			isa = PBXGroup;
			children = (
				FF6BC4E62C7C18A700423660 /* FeatureToolbar.swift */,
			);
			path = FeatureToolbar;
			sourceTree = "<group>";
		};
		FF3CD1492C787A3B00AF7086 /* MainToolbar */ = {
			isa = PBXGroup;
			children = (
				FF3CD14B2C787A6500AF7086 /* CaptureButton.swift */,
				FF3CD14A2C787A6500AF7086 /* DeleteButton.swift */,
				FF3CD14D2C787A6500AF7086 /* MainToolbar.swift */,
				FF3CD14C2C787A6500AF7086 /* PhotosPreview.swift */,
				FF3CD14F2C787A6500AF7086 /* SeceltedPhotoView.swift */,
				FF3CD1502C787A6500AF7086 /* SwitchCameraButton.swift */,
				FF3CD14E2C787A6500AF7086 /* ThumbnailButton.swift */,
			);
			path = MainToolbar;
			sourceTree = "<group>";
		};
		FF5D240A2D23929000C1D463 /* ModelsForNetwork */ = {
			isa = PBXGroup;
			children = (
				FF00258F2D3754F10056C5C6 /* UserTimelineViewModel.swift */,
				FF5D241C2D2C145B00C1D463 /* UserProfileManager.swift */,
				D13FFDD72BAB379A007E1970 /* UserLoginModel.swift */,
				D13FFDD92BAB3808007E1970 /* NetworkService.swift */,
				D13FFDDB2BAB383A007E1970 /* OTORequests.swift */,
				D13FFDDD2BAB3897007E1970 /* OTOTypes.swift */,
				D13FFDDF2BAB38D4007E1970 /* MessageInputViewModel.swift */,
			);
			path = ModelsForNetwork;
			sourceTree = "<group>";
		};
		FF5D240B2D2395E700C1D463 /* GeneralFunctions */ = {
			isa = PBXGroup;
			children = (
				FFC00A372ECC195F00413F1A /* LivePhotoPackager.swift */,
				FF4ED5BC2DAA74900017131B /* AppVersionManager.swift */,
				FF5D24102D23965200C1D463 /* GeneralFunctions.swift */,
			);
			path = GeneralFunctions;
			sourceTree = "<group>";
		};
		FF6C38AB2D549932006966A7 /* MapPages */ = {
			isa = PBXGroup;
			children = (
				FFDDA37F2D55B0F00027ED26 /* ZoomSliderView.swift */,
				FF6C38AC2D549956006966A7 /* MainMapContent.swift */,
			);
			path = MapPages;
			sourceTree = "<group>";
		};
		FF769B5F2D7D67BB00321540 /* EditProfile */ = {
			isa = PBXGroup;
			children = (
				FFDDA3812D5DC6C30027ED26 /* EditProfileView.swift */,
				FF769B4E2D66DF1400321540 /* EditNameView.swift */,
				FF769B502D68631300321540 /* EditOneCodeView.swift */,
				FF769B522D6C6CD300321540 /* EditAvatarView.swift */,
				FF769B5A2D6D9C0600321540 /* CustomImagePicker.swift */,
				FF769B5C2D6D9C3500321540 /* Crop.swift */,
			);
			path = EditProfile;
			sourceTree = "<group>";
		};
		FF7B72E82B99E6640045E866 /* TextfieldStyles */ = {
			isa = PBXGroup;
			children = (
				D13FFDE92BAF1F26007E1970 /* CapsuleTextField.swift */,
				D13FFDEA2BAF1F26007E1970 /* NicknameTextField.swift */,
				D13FFDEB2BAF1F26007E1970 /* OTPTextField.swift */,
				D13FFDE72BAF1F26007E1970 /* PhoneNumberTextField.swift */,
				D13FFDE82BAF1F26007E1970 /* RoundedRectangleTextField.swift */,
			);
			path = TextfieldStyles;
			sourceTree = "<group>";
		};
		FF7B72ED2B99F6A20045E866 /* Deprecated */ = {
			isa = PBXGroup;
			children = (
				FF2D288E2B6A79A100143D0A /* TextfieldStyles.swift */,
			);
			path = Deprecated;
			sourceTree = "<group>";
		};
		FF7B72EE2B9A04DB0045E866 /* NotificationStyles */ = {
			isa = PBXGroup;
			children = (
				FF5D24162D23C68F00C1D463 /* NotificationView.swift */,
				FF5D24122D23C16300C1D463 /* ToastManager.swift */,
				FF5D24142D23C65000C1D463 /* GlobalToastContainerView.swift */,
				FF5D24182D23DA2700C1D463 /* SingleToastView.swift */,
				D13FFDE32BAF1F1C007E1970 /* AutoNotificationBanner.swift */,
			);
			path = NotificationStyles;
			sourceTree = "<group>";
		};
/* End PBXGroup section */

/* Begin PBXNativeTarget section */
		D1CE06142B526930001303F2 /* guanzhi */ = {
			isa = PBXNativeTarget;
			buildConfigurationList = D1CE06232B526931001303F2 /* Build configuration list for PBXNativeTarget "guanzhi" */;
			buildPhases = (
				D196ADB15401B4B915F29BC3 /* [CP] Check Pods Manifest.lock */,
				D1CE06112B526930001303F2 /* Sources */,
				D1CE06122B526930001303F2 /* Frameworks */,
				D1CE06132B526930001303F2 /* Resources */,
				B81AC937F7C5893005A5F5B5 /* [CP] Embed Pods Frameworks */,
				FF366EA02CFDA986008B6864 /* Embed Frameworks */,
			);
			buildRules = (
			);
			dependencies = (
			);
			name = guanzhi;
			productName = guanzhi;
			productReference = D1CE06152B526930001303F2 /* guanzhi.app */;
			productType = "com.apple.product-type.application";
		};
/* End PBXNativeTarget section */

/* Begin PBXProject section */
		D1CE060D2B526930001303F2 /* Project object */ = {
			isa = PBXProject;
			attributes = {
				BuildIndependentTargetsInParallel = 1;
				LastSwiftUpdateCheck = 1410;
				LastUpgradeCheck = 1410;
				TargetAttributes = {
					D1CE06142B526930001303F2 = {
						CreatedOnToolsVersion = 14.1;
					};
				};
			};
			buildConfigurationList = D1CE06102B526930001303F2 /* Build configuration list for PBXProject "guanzhi" */;
			compatibilityVersion = "Xcode 14.0";
			developmentRegion = "zh-Hans";
			hasScannedForEncodings = 0;
			knownRegions = (
				en,
				Base,
				"zh-Hans",
			);
			mainGroup = D1CE060C2B526930001303F2;
			packageReferences = (
				FF58E72A2CFE913A00CC139B /* XCRemoteSwiftPackageReference "SwiftUI-Introspect" */,
				FF58E7302CFEF8F900CC139B /* XCRemoteSwiftPackageReference "swiftui-navigation-transitions" */,
			);
			productRefGroup = D1CE06162B526930001303F2 /* Products */;
			projectDirPath = "";
			projectRoot = "";
			targets = (
				D1CE06142B526930001303F2 /* guanzhi */,
			);
		};
/* End PBXProject section */

/* Begin PBXResourcesBuildPhase section */
		D1CE06132B526930001303F2 /* Resources */ = {
			isa = PBXResourcesBuildPhase;
			buildActionMask = 2147483647;
			files = (
				D1CE06202B526931001303F2 /* Preview Assets.xcassets in Resources */,
				FF4224642CE5C2E700734C39 /* GCJ02.json in Resources */,
				FF4ED5BB2DAA6D0C0017131B /* UserAgreement.txt in Resources */,
				FF87A8DE2ECF034B00C92D25 /* 观之接口文档 20251120.md in Resources */,
				FFA51D8B2ECDF2ED0063A860 /* 地图数据获取优化方案.md in Resources */,
				D1CE061D2B526931001303F2 /* Assets.xcassets in Resources */,
			);
			runOnlyForDeploymentPostprocessing = 0;
		};
/* End PBXResourcesBuildPhase section */

/* Begin PBXShellScriptBuildPhase section */
		B81AC937F7C5893005A5F5B5 /* [CP] Embed Pods Frameworks */ = {
			isa = PBXShellScriptBuildPhase;
			buildActionMask = 2147483647;
			files = (
			);
			inputFileListPaths = (
				"${PODS_ROOT}/Target Support Files/Pods-guanzhi/Pods-guanzhi-frameworks-${CONFIGURATION}-input-files.xcfilelist",
			);
			inputPaths = (
			);
			name = "[CP] Embed Pods Frameworks";
			outputFileListPaths = (
				"${PODS_ROOT}/Target Support Files/Pods-guanzhi/Pods-guanzhi-frameworks-${CONFIGURATION}-output-files.xcfilelist",
			);
			outputPaths = (
			);
			runOnlyForDeploymentPostprocessing = 0;
			shellPath = /bin/sh;
			shellScript = "\"${PODS_ROOT}/Target Support Files/Pods-guanzhi/Pods-guanzhi-frameworks.sh\"\n";
			showEnvVarsInLog = 0;
		};
		D196ADB15401B4B915F29BC3 /* [CP] Check Pods Manifest.lock */ = {
			isa = PBXShellScriptBuildPhase;
			buildActionMask = 2147483647;
			files = (
			);
			inputFileListPaths = (
			);
			inputPaths = (
				"${PODS_PODFILE_DIR_PATH}/Podfile.lock",
				"${PODS_ROOT}/Manifest.lock",
			);
			name = "[CP] Check Pods Manifest.lock";
			outputFileListPaths = (
			);
			outputPaths = (
				"$(DERIVED_FILE_DIR)/Pods-guanzhi-checkManifestLockResult.txt",
			);
			runOnlyForDeploymentPostprocessing = 0;
			shellPath = /bin/sh;
			shellScript = "diff \"${PODS_PODFILE_DIR_PATH}/Podfile.lock\" \"${PODS_ROOT}/Manifest.lock\" > /dev/null\nif [ $? != 0 ] ; then\n    # print error to STDERR\n    echo \"error: The sandbox is not in sync with the Podfile.lock. Run 'pod install' or update your CocoaPods installation.\" >&2\n    exit 1\nfi\n# This output is used by Xcode 'outputs' to avoid re-running this script phase.\necho \"SUCCESS\" > \"${SCRIPT_OUTPUT_FILE_0}\"\n";
			showEnvVarsInLog = 0;
		};
/* End PBXShellScriptBuildPhase section */

/* Begin PBXSourcesBuildPhase section */
		D1CE06112B526930001303F2 /* Sources */ = {
			isa = PBXSourcesBuildPhase;
			buildActionMask = 2147483647;
			files = (
				FF6BC4F42C7C2DE600423660 /* CaptureButton.swift in Sources */,
				FF6BC4F52C7C2DE600423660 /* DeleteButton.swift in Sources */,
				FF6BC4F62C7C2DE600423660 /* MainToolbar.swift in Sources */,
				FF6BC4F72C7C2DE600423660 /* PhotosPreview.swift in Sources */,
				FFF669272CA93EEA005FDB86 /* SearchViewModel.swift in Sources */,
				FF4224662CEBAB8000734C39 /* MediaItemView.swift in Sources */,
				FF769B612D7D730A00321540 /* AccountManagementView.swift in Sources */,
				FF6BC4F82C7C2DE600423660 /* SeceltedPhotoView.swift in Sources */,
				FF6BC4F92C7C2DE600423660 /* SwitchCameraButton.swift in Sources */,
				FF6BC4FA2C7C2DE600423660 /* ThumbnailButton.swift in Sources */,
				FF6BC4E22C7C188300423660 /* PreviewContainer.swift in Sources */,
				FF6BC4EB2C7C18B400423660 /* StatusOverlayView.swift in Sources */,
				FFDDA3802D55B0F00027ED26 /* ZoomSliderView.swift in Sources */,
				FF5D24192D23DA2700C1D463 /* SingleToastView.swift in Sources */,
				FF5D24112D23965700C1D463 /* GeneralFunctions.swift in Sources */,
				D17042C02B542346005683D2 /* SearchView.swift in Sources */,
				D19912052B529346002A711A /* Constants.swift in Sources */,
				FFAC905F2C78848300FA7374 /* CameraView.swift in Sources */,
				D13FFDCD2B90CAD0007E1970 /* ResultCardView.swift in Sources */,
				FFF669292CAA3BF4005FDB86 /* CameraViewWrapper.swift in Sources */,
				FF3CD0CB2C78705C00AF7086 /* PreviewCameraModel.swift in Sources */,
				FF6BC4FC2C7C6A3000423660 /* AppStateModel.swift in Sources */,
				FF6BC4D62C7C186000423660 /* PhotoCapture.swift in Sources */,
				D19F20A52BC2DE2F00721144 /* NameView.swift in Sources */,
				D13FFDDE2BAB3897007E1970 /* OTOTypes.swift in Sources */,
				D13FFDD52BAB36FA007E1970 /* LogInView.swift in Sources */,
				FF769B5D2D6D9C3500321540 /* Crop.swift in Sources */,
				FF84D7C52D45DA5C0060F060 /* OthersView.swift in Sources */,
				D13FFDF42BAF1F5D007E1970 /* AlertStyles.swift in Sources */,
				FF6BC4D52C7C186000423660 /* SPCObserver.swift in Sources */,
				FF6BC4ED2C7C18B400423660 /* RecordingTimeView.swift in Sources */,
				D1093C322B6A819A008553A3 /* ShareSingleView.swift in Sources */,
				FF650F502ED5B909001437AB /* PreviewHarness.swift in Sources */,
				FF6BC4F22C7C18CC00423660 /* FoundationExtensions.swift in Sources */,
				FFF6692B2CB6292D005FDB86 /* MapOverlayView.swift in Sources */,
				FF84D7C32D40DE190060F060 /* OtherUserProfile.swift in Sources */,
				FF5D24172D23C6D200C1D463 /* NotificationView.swift in Sources */,
				FFAC90602C78848300FA7374 /* CaptureService.swift in Sources */,
				D13FFDDA2BAB3808007E1970 /* NetworkService.swift in Sources */,
				FF6BC4DC2C7C187200423660 /* DataTypes.swift in Sources */,
				FF47FFE12C47C4F000A4A8F8 /* HelpCardView.swift in Sources */,
				D13FFDE02BAB38D4007E1970 /* MessageInputViewModel.swift in Sources */,
				FF6BC4D12C7C183F00423660 /* DeviceLookup.swift in Sources */,
				D19F20A32BC2DA1A00721144 /* MessageView.swift in Sources */,
				FF6BC4E72C7C18A700423660 /* FeatureToolbar.swift in Sources */,
				FF6BC4E52C7C189400423660 /* CaptureModeView.swift in Sources */,
				FF0025902D3754F10056C5C6 /* UserTimelineViewModel.swift in Sources */,
				D19912022B5292A6002A711A /* MyView.swift in Sources */,
				FF87A8DC2ECC4B1D00C92D25 /* VideoPlayerView.swift in Sources */,
				FFDDA3822D5DC6C30027ED26 /* EditProfileView.swift in Sources */,
				FF769B5B2D6D9C0600321540 /* CustomImagePicker.swift in Sources */,
				D13FFDD82BAB379A007E1970 /* UserLoginModel.swift in Sources */,
				FFD24BEB2C58B85700BCE228 /* LookAroundView.swift in Sources */,
				D13FFDE22BAF1E80007E1970 /* ButtonStyles.swift in Sources */,
				FF5D24152D23C65000C1D463 /* GlobalToastContainerView.swift in Sources */,
				D1093C302B6A7D99008553A3 /* ShareListView.swift in Sources */,
				D13FFDDC2BAB383A007E1970 /* OTORequests.swift in Sources */,
				FF6BC4F12C7C18CC00423660 /* CaptureExtensions.swift in Sources */,
				FF4ED5BD2DAA74900017131B /* AppVersionManager.swift in Sources */,
				FF5D24132D23C16300C1D463 /* ToastManager.swift in Sources */,
				FF9EB98B2CA29EC4009A133E /* CustomAnnotation.swift in Sources */,
				FF5D241B2D2C10E200C1D463 /* LocalUserProfile.swift in Sources */,
				FFC00A382ECC195F00413F1A /* LivePhotoPackager.swift in Sources */,
				FF8BC0DD2CCF7388007DE51E /* ShareDetailView.swift in Sources */,
				FFAC90612C78848300FA7374 /* CameraModel.swift in Sources */,
				FF6BC4E12C7C188300423660 /* CameraPreview.swift in Sources */,
				D13FFDEF2BAF1F26007E1970 /* NicknameTextField.swift in Sources */,
				FF84D7BF2D3E35C10060F060 /* ShareService.swift in Sources */,
				D13FFDCB2B90CA9A007E1970 /* SheetView.swift in Sources */,
				FF769B512D68631300321540 /* EditOneCodeView.swift in Sources */,
				FF3984C92CA5574700EF378D /* ShareDetailsCardView.swift in Sources */,
				FF769B532D6C6CD300321540 /* EditAvatarView.swift in Sources */,
				FF5C360A2CD78B82001D7D32 /* SharesData.swift in Sources */,
				FFD24BE92C50E27A00BCE228 /* ProcessingView.swift in Sources */,
				D1F67AB32B8A193A00292FEB /* SettingView.swift in Sources */,
				D19912022B5292A6002A711A /* MyView.swift in Sources */,
				FF6BC4DD2C7C187200423660 /* Camera.swift in Sources */,
				FF6BC4E32C7C188300423660 /* CameraUI.swift in Sources */,
				FF769B4F2D66DF1400321540 /* EditNameView.swift in Sources */,
				D1CE06192B526930001303F2 /* guanzhiApp.swift in Sources */,
				D13FFDEC2BAF1F26007E1970 /* PhoneNumberTextField.swift in Sources */,
				FF6C38AD2D549956006966A7 /* MainMapContent.swift in Sources */,
				D19912072B52972B002A711A /* TagView.swift in Sources */,
				FF4224622CE5C2AF00734C39 /* CoordinateConverter.swift in Sources */,
				FF6BC4EC2C7C18B400423660 /* LiveBadge.swift in Sources */,
				D13FFDE52BAF1F1C007E1970 /* AutoNotificationBanner.swift in Sources */,
				FF05E4462B84CC1300F5D375 /* (null) in Sources */,
				FF5D241D2D2C145B00C1D463 /* UserProfileManager.swift in Sources */,
				D13FFDED2BAF1F26007E1970 /* RoundedRectangleTextField.swift in Sources */,
				FF6BC4D72C7C186000423660 /* MovieCapture.swift in Sources */,
				FF1A50232CA0F5DB00596DBD /* LocationService.swift in Sources */,
				FF6BC4DB2C7C187200423660 /* MediaLibrary.swift in Sources */,
				FF6BC4F32C7C18CC00423660 /* ViewExtensions.swift in Sources */,
				FF87A8DA2ECC4B0300C92D25 /* VideoEngine.swift in Sources */,
				FF2D288F2B6A79A100143D0A /* TextfieldStyles.swift in Sources */,
				D13FFDEE2BAF1F26007E1970 /* CapsuleTextField.swift in Sources */,
				D13FFDF02BAF1F26007E1970 /* OTPTextField.swift in Sources */,
			);
			runOnlyForDeploymentPostprocessing = 0;
		};
/* End PBXSourcesBuildPhase section */

/* Begin XCBuildConfiguration section */
		D1CE06212B526931001303F2 /* Debug */ = {
			isa = XCBuildConfiguration;
			buildSettings = {
				ALWAYS_SEARCH_USER_PATHS = NO;
				CLANG_ANALYZER_NONNULL = YES;
				CLANG_ANALYZER_NUMBER_OBJECT_CONVERSION = YES_AGGRESSIVE;
				CLANG_CXX_LANGUAGE_STANDARD = "gnu++20";
				CLANG_ENABLE_MODULES = YES;
				CLANG_ENABLE_OBJC_ARC = YES;
				CLANG_ENABLE_OBJC_WEAK = YES;
				CLANG_WARN_BLOCK_CAPTURE_AUTORELEASING = YES;
				CLANG_WARN_BOOL_CONVERSION = YES;
				CLANG_WARN_COMMA = YES;
				CLANG_WARN_CONSTANT_CONVERSION = YES;
				CLANG_WARN_DEPRECATED_OBJC_IMPLEMENTATIONS = YES;
				CLANG_WARN_DIRECT_OBJC_ISA_USAGE = YES_ERROR;
				CLANG_WARN_DOCUMENTATION_COMMENTS = YES;
				CLANG_WARN_EMPTY_BODY = YES;
				CLANG_WARN_ENUM_CONVERSION = YES;
				CLANG_WARN_INFINITE_RECURSION = YES;
				CLANG_WARN_INT_CONVERSION = YES;
				CLANG_WARN_NON_LITERAL_NULL_CONVERSION = YES;
				CLANG_WARN_OBJC_IMPLICIT_RETAIN_SELF = YES;
				CLANG_WARN_OBJC_LITERAL_CONVERSION = YES;
				CLANG_WARN_OBJC_ROOT_CLASS = YES_ERROR;
				CLANG_WARN_QUOTED_INCLUDE_IN_FRAMEWORK_HEADER = YES;
				CLANG_WARN_RANGE_LOOP_ANALYSIS = YES;
				CLANG_WARN_STRICT_PROTOTYPES = YES;
				CLANG_WARN_SUSPICIOUS_MOVE = YES;
				CLANG_WARN_UNGUARDED_AVAILABILITY = YES_AGGRESSIVE;
				CLANG_WARN_UNREACHABLE_CODE = YES;
				CLANG_WARN__DUPLICATE_METHOD_MATCH = YES;
				COPY_PHASE_STRIP = NO;
				DEBUG_INFORMATION_FORMAT = dwarf;
				ENABLE_STRICT_OBJC_MSGSEND = YES;
				ENABLE_TESTABILITY = YES;
				GCC_C_LANGUAGE_STANDARD = gnu11;
				GCC_DYNAMIC_NO_PIC = NO;
				GCC_NO_COMMON_BLOCKS = YES;
				GCC_OPTIMIZATION_LEVEL = 0;
				GCC_PREPROCESSOR_DEFINITIONS = (
					"DEBUG=1",
					"$(inherited)",
				);
				GCC_WARN_64_TO_32_BIT_CONVERSION = YES;
				GCC_WARN_ABOUT_RETURN_TYPE = YES_ERROR;
				GCC_WARN_UNDECLARED_SELECTOR = YES;
				GCC_WARN_UNINITIALIZED_AUTOS = YES_AGGRESSIVE;
				GCC_WARN_UNUSED_FUNCTION = YES;
				GCC_WARN_UNUSED_VARIABLE = YES;
				IPHONEOS_DEPLOYMENT_TARGET = 17.6;
				MTL_ENABLE_DEBUG_INFO = INCLUDE_SOURCE;
				MTL_FAST_MATH = YES;
				ONLY_ACTIVE_ARCH = YES;
				SDKROOT = iphoneos;
				SWIFT_ACTIVE_COMPILATION_CONDITIONS = DEBUG;
				SWIFT_OPTIMIZATION_LEVEL = "-Onone";
			};
			name = Debug;
		};
		D1CE06222B526931001303F2 /* Release */ = {
			isa = XCBuildConfiguration;
			buildSettings = {
				ALWAYS_SEARCH_USER_PATHS = NO;
				CLANG_ANALYZER_NONNULL = YES;
				CLANG_ANALYZER_NUMBER_OBJECT_CONVERSION = YES_AGGRESSIVE;
				CLANG_CXX_LANGUAGE_STANDARD = "gnu++20";
				CLANG_ENABLE_MODULES = YES;
				CLANG_ENABLE_OBJC_ARC = YES;
				CLANG_ENABLE_OBJC_WEAK = YES;
				CLANG_WARN_BLOCK_CAPTURE_AUTORELEASING = YES;
				CLANG_WARN_BOOL_CONVERSION = YES;
				CLANG_WARN_COMMA = YES;
				CLANG_WARN_CONSTANT_CONVERSION = YES;
				CLANG_WARN_DEPRECATED_OBJC_IMPLEMENTATIONS = YES;
				CLANG_WARN_DIRECT_OBJC_ISA_USAGE = YES_ERROR;
				CLANG_WARN_DOCUMENTATION_COMMENTS = YES;
				CLANG_WARN_EMPTY_BODY = YES;
				CLANG_WARN_ENUM_CONVERSION = YES;
				CLANG_WARN_INFINITE_RECURSION = YES;
				CLANG_WARN_INT_CONVERSION = YES;
				CLANG_WARN_NON_LITERAL_NULL_CONVERSION = YES;
				CLANG_WARN_OBJC_IMPLICIT_RETAIN_SELF = YES;
				CLANG_WARN_OBJC_LITERAL_CONVERSION = YES;
				CLANG_WARN_OBJC_ROOT_CLASS = YES_ERROR;
				CLANG_WARN_QUOTED_INCLUDE_IN_FRAMEWORK_HEADER = YES;
				CLANG_WARN_RANGE_LOOP_ANALYSIS = YES;
				CLANG_WARN_STRICT_PROTOTYPES = YES;
				CLANG_WARN_SUSPICIOUS_MOVE = YES;
				CLANG_WARN_UNGUARDED_AVAILABILITY = YES_AGGRESSIVE;
				CLANG_WARN_UNREACHABLE_CODE = YES;
				CLANG_WARN__DUPLICATE_METHOD_MATCH = YES;
				COPY_PHASE_STRIP = NO;
				DEBUG_INFORMATION_FORMAT = "dwarf-with-dsym";
				ENABLE_NS_ASSERTIONS = NO;
				ENABLE_STRICT_OBJC_MSGSEND = YES;
				GCC_C_LANGUAGE_STANDARD = gnu11;
				GCC_NO_COMMON_BLOCKS = YES;
				GCC_WARN_64_TO_32_BIT_CONVERSION = YES;
				GCC_WARN_ABOUT_RETURN_TYPE = YES_ERROR;
				GCC_WARN_UNDECLARED_SELECTOR = YES;
				GCC_WARN_UNINITIALIZED_AUTOS = YES_AGGRESSIVE;
				GCC_WARN_UNUSED_FUNCTION = YES;
				GCC_WARN_UNUSED_VARIABLE = YES;
				IPHONEOS_DEPLOYMENT_TARGET = 17.6;
				MTL_ENABLE_DEBUG_INFO = NO;
				MTL_FAST_MATH = YES;
				SDKROOT = iphoneos;
				SWIFT_COMPILATION_MODE = wholemodule;
				SWIFT_OPTIMIZATION_LEVEL = "-O";
				VALIDATE_PRODUCT = YES;
			};
			name = Release;
		};
		D1CE06242B526931001303F2 /* Debug */ = {
			isa = XCBuildConfiguration;
			baseConfigurationReference = BF04D7B541F8EA61A15C6461 /* Pods-guanzhi.debug.xcconfig */;
			buildSettings = {
				ASSETCATALOG_COMPILER_APPICON_NAME = AppIcon;
				ASSETCATALOG_COMPILER_GLOBAL_ACCENT_COLOR_NAME = AccentColor;
				CODE_SIGN_STYLE = Automatic;
				CURRENT_PROJECT_VERSION = 1;
				DEVELOPMENT_ASSET_PATHS = "\"guanzhi/Preview Content\"";
				DEVELOPMENT_TEAM = Z4GPL9AA5M;
				ENABLE_PREVIEWS = YES;
				GENERATE_INFOPLIST_FILE = YES;
				INFOPLIST_FILE = guanzhi/Info.plist;
				INFOPLIST_KEY_NSCameraUsageDescription = "我们需要使用您的相机来捕捉照片和视频。";
				INFOPLIST_KEY_NSLocationAlwaysAndWhenInUseUsageDescription = "我们需要访问您的位置以提供定位服务。";
				INFOPLIST_KEY_NSLocationWhenInUseUsageDescription = "需要获取您的位置以提供相关服务。";
				INFOPLIST_KEY_NSMicrophoneUsageDescription = "我们需要使用您的麦克风来录制视频中的音频。";
				INFOPLIST_KEY_NSPhotoLibraryUsageDescription = "我们的应用需要访问相册以保存拍摄的照片。";
				INFOPLIST_KEY_UIApplicationSceneManifest_Generation = YES;
				INFOPLIST_KEY_UIApplicationSupportsIndirectInputEvents = YES;
				INFOPLIST_KEY_UISupportedInterfaceOrientations = "UIInterfaceOrientationLandscapeLeft UIInterfaceOrientationLandscapeRight UIInterfaceOrientationPortrait UIInterfaceOrientationPortraitUpsideDown";
				IPHONEOS_DEPLOYMENT_TARGET = 17.0;
				LD_RUNPATH_SEARCH_PATHS = (
					"$(inherited)",
					"@executable_path/Frameworks",
				);
				MARKETING_VERSION = 1.0;
				PRODUCT_BUNDLE_IDENTIFIER = com.onettoo;
				PRODUCT_NAME = "$(TARGET_NAME)";
				SWIFT_EMIT_LOC_STRINGS = YES;
				SWIFT_VERSION = 5.0;
				TARGETED_DEVICE_FAMILY = "1,2";
			};
			name = Debug;
		};
		D1CE06252B526931001303F2 /* Release */ = {
			isa = XCBuildConfiguration;
			baseConfigurationReference = 85B32ABF81BE56D4F7168B76 /* Pods-guanzhi.release.xcconfig */;
			buildSettings = {
				ASSETCATALOG_COMPILER_APPICON_NAME = AppIcon;
				ASSETCATALOG_COMPILER_GLOBAL_ACCENT_COLOR_NAME = AccentColor;
				CODE_SIGN_STYLE = Automatic;
				CURRENT_PROJECT_VERSION = 1;
				DEVELOPMENT_ASSET_PATHS = "\"guanzhi/Preview Content\"";
				DEVELOPMENT_TEAM = Z4GPL9AA5M;
				ENABLE_PREVIEWS = YES;
				GENERATE_INFOPLIST_FILE = YES;
				INFOPLIST_FILE = guanzhi/Info.plist;
				INFOPLIST_KEY_NSCameraUsageDescription = "我们需要使用您的相机来捕捉照片和视频。";
				INFOPLIST_KEY_NSLocationAlwaysAndWhenInUseUsageDescription = "我们需要访问您的位置以提供定位服务。";
				INFOPLIST_KEY_NSLocationWhenInUseUsageDescription = "需要获取您的位置以提供相关服务。";
				INFOPLIST_KEY_NSMicrophoneUsageDescription = "我们需要使用您的麦克风来录制视频中的音频。";
				INFOPLIST_KEY_NSPhotoLibraryUsageDescription = "我们的应用需要访问相册以保存拍摄的照片。";
				INFOPLIST_KEY_UIApplicationSceneManifest_Generation = YES;
				INFOPLIST_KEY_UIApplicationSupportsIndirectInputEvents = YES;
				INFOPLIST_KEY_UISupportedInterfaceOrientations = "UIInterfaceOrientationLandscapeLeft UIInterfaceOrientationLandscapeRight UIInterfaceOrientationPortrait UIInterfaceOrientationPortraitUpsideDown";
				IPHONEOS_DEPLOYMENT_TARGET = 17.0;
				LD_RUNPATH_SEARCH_PATHS = (
					"$(inherited)",
					"@executable_path/Frameworks",
				);
				MARKETING_VERSION = 1.0;
				PRODUCT_BUNDLE_IDENTIFIER = com.onettoo;
				PRODUCT_NAME = "$(TARGET_NAME)";
				SWIFT_EMIT_LOC_STRINGS = YES;
				SWIFT_VERSION = 5.0;
				TARGETED_DEVICE_FAMILY = "1,2";
			};
			name = Release;
		};
/* End XCBuildConfiguration section */

/* Begin XCConfigurationList section */
		D1CE06102B526930001303F2 /* Build configuration list for PBXProject "guanzhi" */ = {
			isa = XCConfigurationList;
			buildConfigurations = (
				D1CE06212B526931001303F2 /* Debug */,
				D1CE06222B526931001303F2 /* Release */,
			);
			defaultConfigurationIsVisible = 0;
			defaultConfigurationName = Release;
		};
		D1CE06232B526931001303F2 /* Build configuration list for PBXNativeTarget "guanzhi" */ = {
			isa = XCConfigurationList;
			buildConfigurations = (
				D1CE06242B526931001303F2 /* Debug */,
				D1CE06252B526931001303F2 /* Release */,
			);
			defaultConfigurationIsVisible = 0;
			defaultConfigurationName = Release;
		};
/* End XCConfigurationList section */

/* Begin XCRemoteSwiftPackageReference section */
		FF58E72A2CFE913A00CC139B /* XCRemoteSwiftPackageReference "SwiftUI-Introspect" */ = {
			isa = XCRemoteSwiftPackageReference;
			repositoryURL = "https://github.com/siteline/SwiftUI-Introspect";
			requirement = {
				kind = upToNextMajorVersion;
				minimumVersion = 1.3.0;
			};
		};
		FF58E7302CFEF8F900CC139B /* XCRemoteSwiftPackageReference "swiftui-navigation-transitions" */ = {
			isa = XCRemoteSwiftPackageReference;
			repositoryURL = "https://github.com/davdroman/swiftui-navigation-transitions";
			requirement = {
				kind = upToNextMajorVersion;
				minimumVersion = 0.14.0;
			};
		};
/* End XCRemoteSwiftPackageReference section */

/* Begin XCSwiftPackageProductDependency section */
		FF58E72B2CFE913A00CC139B /* SwiftUIIntrospect */ = {
			isa = XCSwiftPackageProductDependency;
			package = FF58E72A2CFE913A00CC139B /* XCRemoteSwiftPackageReference "SwiftUI-Introspect" */;
			productName = SwiftUIIntrospect;
		};
		FF58E7312CFEF8F900CC139B /* NavigationTransitions */ = {
			isa = XCSwiftPackageProductDependency;
			package = FF58E7302CFEF8F900CC139B /* XCRemoteSwiftPackageReference "swiftui-navigation-transitions" */;
			productName = NavigationTransitions;
		};
/* End XCSwiftPackageProductDependency section */
	};
	rootObject = D1CE060D2B526930001303F2 /* Project object */;
}
