{
  "originHash" : "2e7ee601ba8a01719ad09dfd6457c1261b0fc351ec46483b503294060f060888",
  "pins" : [
    {
      "identity" : "clustermap",
      "kind" : "remoteSourceControl",
      "location" : "https://github.com/vospennikov/ClusterMap",
      "state" : {
        "revision" : "f3e60a742e6d3c149ce5d0c7424f373ef1b38140",
        "version" : "2.1.1"
      }
    },
    {
      "identity" : "swiftui-introspect",
      "kind" : "remoteSourceControl",
      "location" : "https://github.com/siteline/SwiftUI-Introspect",
      "state" : {
        "revision" : "807f73ce09a9b9723f12385e592b4e0aaebd3336",
        "version" : "1.3.0"
      }
    },
    {
      "identity" : "swipeactions",
      "kind" : "remoteSourceControl",
      "location" : "https://github.com/aheze/SwipeActions",
      "state" : {
        "revision" : "41e6f6dce02d8cfa164f8c5461a41340850ca3ab",
        "version" : "1.1.0"
      }
    }
  ],
  "version" : 3
}
